Microsoft Visual Studio Solution File, Format Version 12.00
# Visual Studio 15
VisualStudioVersion = 15.0.28307.1022
MinimumVisualStudioVersion = 10.0.40219.1
Project("{FAE04EC0-301F-11D3-BF4B-00C04F79EFBC}") = "psychat", "psychat.csproj", "{8CC07F9C-8D6B-4002-84A2-1146C4458940}"
EndProject
Project("{FAE04EC0-301F-11D3-BF4B-00C04F79EFBC}") = "PsyTextBox", "PsyTextBox\PsyTextBox.csproj", "{BE75E276-9441-46F2-A3BE-667509874292}"
EndProject
Global
	GlobalSection(SolutionConfigurationPlatforms) = preSolution
		Debug|Any CPU = Debug|Any CPU
		Release|Any CPU = Release|Any CPU
	EndGlobalSection
	GlobalSection(ProjectConfigurationPlatforms) = postSolution
		{8CC07F9C-8D6B-4002-84A2-1146C4458940}.Debug|Any CPU.ActiveCfg = Debug|Any CPU
		{8CC07F9C-8D6B-4002-84A2-1146C4458940}.Debug|Any CPU.Build.0 = Debug|Any CPU
		{8CC07F9C-8D6B-4002-84A2-1146C4458940}.Release|Any CPU.ActiveCfg = Release|Any CPU
		{8CC07F9C-8D6B-4002-84A2-1146C4458940}.Release|Any CPU.Build.0 = Release|Any CPU
		{BE75E276-9441-46F2-A3BE-667509874292}.Debug|Any CPU.ActiveCfg = Debug|Any CPU
		{BE75E276-9441-46F2-A3BE-667509874292}.Debug|Any CPU.Build.0 = Debug|Any CPU
		{BE75E276-9441-46F2-A3BE-667509874292}.Release|Any CPU.ActiveCfg = Release|Any CPU
		{BE75E276-9441-46F2-A3BE-667509874292}.Release|Any CPU.Build.0 = Release|Any CPU
	EndGlobalSection
	GlobalSection(SolutionProperties) = preSolution
		HideSolutionNode = FALSE
	EndGlobalSection
	GlobalSection(ExtensibilityGlobals) = postSolution
		SolutionGuid = {586D272A-BE43-4EB8-8350-8C01340ECBB4}
	EndGlobalSection
EndGlobal
